// !$*UTF8*$!
{
	archiveVersion = 1;
	classes = {
	};
	objectVersion = 46;
	objects = {

/* Begin PBXBuildFile section */
		4F67C25E1A1AD3F100990970 /* main.m in Sources */ = {isa = PBXBuildFile; fileRef = 4F67C25D1A1AD3F100990970 /* main.m */; };
		4F67C2611A1AD3F100990970 /* AppDelegate.m in Sources */ = {isa = PBXBuildFile; fileRef = 4F67C2601A1AD3F100990970 /* AppDelegate.m */; };
		4F67C2641A1AD3F100990970 /* InstagramProject.xcdatamodeld in Sources */ = {isa = PBXBuildFile; fileRef = 4F67C2621A1AD3F100990970 /* InstagramProject.xcdatamodeld */; };
		4F67C2671A1AD3F100990970 /* RootViewController.m in Sources */ = {isa = PBXBuildFile; fileRef = 4F67C2661A1AD3F100990970 /* RootViewController.m */; };
		4F67C26A1A1AD3F100990970 /* Main.storyboard in Resources */ = {isa = PBXBuildFile; fileRef = 4F67C2681A1AD3F100990970 /* Main.storyboard */; };
		4F67C26C1A1AD3F100990970 /* Images.xcassets in Resources */ = {isa = PBXBuildFile; fileRef = 4F67C26B1A1AD3F100990970 /* Images.xcassets */; };
		4F67C26F1A1AD3F100990970 /* LaunchScreen.xib in Resources */ = {isa = PBXBuildFile; fileRef = 4F67C26D1A1AD3F100990970 /* LaunchScreen.xib */; };
		4F67C27B1A1AD3F100990970 /* InstagramProjectTests.m in Sources */ = {isa = PBXBuildFile; fileRef = 4F67C27A1A1AD3F100990970 /* InstagramProjectTests.m */; };
		4F67C2861A1AD4EC00990970 /* FavoritePhotosViewController.m in Sources */ = {isa = PBXBuildFile; fileRef = 4F67C2851A1AD4EC00990970 /* FavoritePhotosViewController.m */; };
		4F67C2891A1AD4FF00990970 /* CameraViewController.m in Sources */ = {isa = PBXBuildFile; fileRef = 4F67C2881A1AD4FF00990970 /* CameraViewController.m */; };
		4F67C28C1A1AD51100990970 /* SearchViewController.m in Sources */ = {isa = PBXBuildFile; fileRef = 4F67C28B1A1AD51100990970 /* SearchViewController.m */; };
		4F67C28F1A1AD52100990970 /* ProfileViewController.m in Sources */ = {isa = PBXBuildFile; fileRef = 4F67C28E1A1AD52100990970 /* ProfileViewController.m */; };
		4F67C2921A1AD67D00990970 /* UserProfileViewController.m in Sources */ = {isa = PBXBuildFile; fileRef = 4F67C2911A1AD67D00990970 /* UserProfileViewController.m */; };
		4F67C2951A1AD6CC00990970 /* CommentDetailViewController.m in Sources */ = {isa = PBXBuildFile; fileRef = 4F67C2941A1AD6CC00990970 /* CommentDetailViewController.m */; };
		4F67C2981A1AD78D00990970 /* UploadDetailViewController.m in Sources */ = {isa = PBXBuildFile; fileRef = 4F67C2971A1AD78D00990970 /* UploadDetailViewController.m */; };
		4F67C29B1A1AD7E500990970 /* PhotoDetailViewController.m in Sources */ = {isa = PBXBuildFile; fileRef = 4F67C29A1A1AD7E500990970 /* PhotoDetailViewController.m */; };
		4F67C29E1A1AD85000990970 /* EditProfileViewController.m in Sources */ = {isa = PBXBuildFile; fileRef = 4F67C29D1A1AD85000990970 /* EditProfileViewController.m */; };
		4F67C2A11A1AD85E00990970 /* FollowersViewController.m in Sources */ = {isa = PBXBuildFile; fileRef = 4F67C2A01A1AD85E00990970 /* FollowersViewController.m */; };
		4F67C2A41A1ADAEA00990970 /* Bolts.framework in Frameworks */ = {isa = PBXBuildFile; fileRef = 4F67C2A21A1ADAEA00990970 /* Bolts.framework */; };
		4F67C2A51A1ADAEA00990970 /* Parse.framework in Frameworks */ = {isa = PBXBuildFile; fileRef = 4F67C2A31A1ADAEA00990970 /* Parse.framework */; };
		87083FA21A1B7F70006B41D4 /* CoreLocation.framework in Frameworks */ = {isa = PBXBuildFile; fileRef = 87083FA11A1B7F70006B41D4 /* CoreLocation.framework */; };
		87083FA41A1B7F82006B41D4 /* libz.dylib in Frameworks */ = {isa = PBXBuildFile; fileRef = 87083FA31A1B7F82006B41D4 /* libz.dylib */; };
		87083FA61A1B7F8F006B41D4 /* CFNetwork.framework in Frameworks */ = {isa = PBXBuildFile; fileRef = 87083FA51A1B7F8F006B41D4 /* CFNetwork.framework */; };
		87083FA81A1B7F9D006B41D4 /* MobileCoreServices.framework in Frameworks */ = {isa = PBXBuildFile; fileRef = 87083FA71A1B7F9D006B41D4 /* MobileCoreServices.framework */; };
		87083FAA1A1B7FB1006B41D4 /* AdSupport.framework in Frameworks */ = {isa = PBXBuildFile; fileRef = 87083FA91A1B7FB1006B41D4 /* AdSupport.framework */; };
		87083FAC1A1B7FBF006B41D4 /* Security.framework in Frameworks */ = {isa = PBXBuildFile; fileRef = 87083FAB1A1B7FBF006B41D4 /* Security.framework */; };
		87083FAE1A1B7FC7006B41D4 /* CoreGraphics.framework in Frameworks */ = {isa = PBXBuildFile; fileRef = 87083FAD1A1B7FC7006B41D4 /* CoreGraphics.framework */; };
		87083FB01A1B7FCE006B41D4 /* Social.framework in Frameworks */ = {isa = PBXBuildFile; fileRef = 87083FAF1A1B7FCE006B41D4 /* Social.framework */; };
		87083FB21A1B7FD5006B41D4 /* AudioToolbox.framework in Frameworks */ = {isa = PBXBuildFile; fileRef = 87083FB11A1B7FD5006B41D4 /* AudioToolbox.framework */; };
		87083FB41A1B7FDB006B41D4 /* QuartzCore.framework in Frameworks */ = {isa = PBXBuildFile; fileRef = 87083FB31A1B7FDB006B41D4 /* QuartzCore.framework */; };
		87083FB61A1B7FE3006B41D4 /* SystemConfiguration.framework in Frameworks */ = {isa = PBXBuildFile; fileRef = 87083FB51A1B7FE3006B41D4 /* SystemConfiguration.framework */; };
		87083FB81A1B7FE9006B41D4 /* StoreKit.framework in Frameworks */ = {isa = PBXBuildFile; fileRef = 87083FB71A1B7FE9006B41D4 /* StoreKit.framework */; };
		87083FBA1A1B7FF1006B41D4 /* Accounts.framework in Frameworks */ = {isa = PBXBuildFile; fileRef = 87083FB91A1B7FF1006B41D4 /* Accounts.framework */; };
		8767065E1A1B9BB200C1382E /* ParseUI.framework in Frameworks */ = {isa = PBXBuildFile; fileRef = 8767065D1A1B9BB200C1382E /* ParseUI.framework */; };
		87B157AA1A1AFA1A0090BB78 /* FacebookSDK.framework in Frameworks */ = {isa = PBXBuildFile; fileRef = 87B157A91A1AFA1A0090BB78 /* FacebookSDK.framework */; };
		87B157AC1A1B77E80090BB78 /* ParseFacebookUtils.framework in Frameworks */ = {isa = PBXBuildFile; fileRef = 87B157AB1A1B77E80090BB78 /* ParseFacebookUtils.framework */; };
/* End PBXBuildFile section */

/* Begin PBXContainerItemProxy section */
		4F67C2751A1AD3F100990970 /* PBXContainerItemProxy */ = {
			isa = PBXContainerItemProxy;
			containerPortal = 4F67C2501A1AD3F100990970 /* Project object */;
			proxyType = 1;
			remoteGlobalIDString = 4F67C2571A1AD3F100990970;
			remoteInfo = InstagramProject;
		};
/* End PBXContainerItemProxy section */

/* Begin PBXFileReference section */
		4F67C2581A1AD3F100990970 /* InstagramProject.app */ = {isa = PBXFileReference; explicitFileType = wrapper.application; includeInIndex = 0; path = InstagramProject.app; sourceTree = BUILT_PRODUCTS_DIR; };
		4F67C25C1A1AD3F100990970 /* Info.plist */ = {isa = PBXFileReference; lastKnownFileType = text.plist.xml; path = Info.plist; sourceTree = "<group>"; };
		4F67C25D1A1AD3F100990970 /* main.m */ = {isa = PBXFileReference; lastKnownFileType = sourcecode.c.objc; path = main.m; sourceTree = "<group>"; };
		4F67C25F1A1AD3F100990970 /* AppDelegate.h */ = {isa = PBXFileReference; lastKnownFileType = sourcecode.c.h; path = AppDelegate.h; sourceTree = "<group>"; };
		4F67C2601A1AD3F100990970 /* AppDelegate.m */ = {isa = PBXFileReference; lastKnownFileType = sourcecode.c.objc; path = AppDelegate.m; sourceTree = "<group>"; };
		4F67C2631A1AD3F100990970 /* InstagramProject.xcdatamodel */ = {isa = PBXFileReference; lastKnownFileType = wrapper.xcdatamodel; path = InstagramProject.xcdatamodel; sourceTree = "<group>"; };
		4F67C2651A1AD3F100990970 /* RootViewController.h */ = {isa = PBXFileReference; lastKnownFileType = sourcecode.c.h; path = RootViewController.h; sourceTree = "<group>"; };
		4F67C2661A1AD3F100990970 /* RootViewController.m */ = {isa = PBXFileReference; lastKnownFileType = sourcecode.c.objc; path = RootViewController.m; sourceTree = "<group>"; };
		4F67C2691A1AD3F100990970 /* Base */ = {isa = PBXFileReference; lastKnownFileType = file.storyboard; name = Base; path = Base.lproj/Main.storyboard; sourceTree = "<group>"; };
		4F67C26B1A1AD3F100990970 /* Images.xcassets */ = {isa = PBXFileReference; lastKnownFileType = folder.assetcatalog; path = Images.xcassets; sourceTree = "<group>"; };
		4F67C26E1A1AD3F100990970 /* Base */ = {isa = PBXFileReference; lastKnownFileType = file.xib; name = Base; path = Base.lproj/LaunchScreen.xib; sourceTree = "<group>"; };
		4F67C2741A1AD3F100990970 /* InstagramProjectTests.xctest */ = {isa = PBXFileReference; explicitFileType = wrapper.cfbundle; includeInIndex = 0; path = InstagramProjectTests.xctest; sourceTree = BUILT_PRODUCTS_DIR; };
		4F67C2791A1AD3F100990970 /* Info.plist */ = {isa = PBXFileReference; lastKnownFileType = text.plist.xml; path = Info.plist; sourceTree = "<group>"; };
		4F67C27A1A1AD3F100990970 /* InstagramProjectTests.m */ = {isa = PBXFileReference; lastKnownFileType = sourcecode.c.objc; path = InstagramProjectTests.m; sourceTree = "<group>"; };
		4F67C2841A1AD4EC00990970 /* FavoritePhotosViewController.h */ = {isa = PBXFileReference; fileEncoding = 4; lastKnownFileType = sourcecode.c.h; path = FavoritePhotosViewController.h; sourceTree = "<group>"; };
		4F67C2851A1AD4EC00990970 /* FavoritePhotosViewController.m */ = {isa = PBXFileReference; fileEncoding = 4; lastKnownFileType = sourcecode.c.objc; path = FavoritePhotosViewController.m; sourceTree = "<group>"; };
		4F67C2871A1AD4FF00990970 /* CameraViewController.h */ = {isa = PBXFileReference; fileEncoding = 4; lastKnownFileType = sourcecode.c.h; path = CameraViewController.h; sourceTree = "<group>"; };
		4F67C2881A1AD4FF00990970 /* CameraViewController.m */ = {isa = PBXFileReference; fileEncoding = 4; lastKnownFileType = sourcecode.c.objc; path = CameraViewController.m; sourceTree = "<group>"; };
		4F67C28A1A1AD51100990970 /* SearchViewController.h */ = {isa = PBXFileReference; fileEncoding = 4; lastKnownFileType = sourcecode.c.h; path = SearchViewController.h; sourceTree = "<group>"; };
		4F67C28B1A1AD51100990970 /* SearchViewController.m */ = {isa = PBXFileReference; fileEncoding = 4; lastKnownFileType = sourcecode.c.objc; path = SearchViewController.m; sourceTree = "<group>"; };
		4F67C28D1A1AD52100990970 /* ProfileViewController.h */ = {isa = PBXFileReference; fileEncoding = 4; lastKnownFileType = sourcecode.c.h; path = ProfileViewController.h; sourceTree = "<group>"; };
		4F67C28E1A1AD52100990970 /* ProfileViewController.m */ = {isa = PBXFileReference; fileEncoding = 4; lastKnownFileType = sourcecode.c.objc; path = ProfileViewController.m; sourceTree = "<group>"; };
		4F67C2901A1AD67D00990970 /* UserProfileViewController.h */ = {isa = PBXFileReference; fileEncoding = 4; lastKnownFileType = sourcecode.c.h; path = UserProfileViewController.h; sourceTree = "<group>"; };
		4F67C2911A1AD67D00990970 /* UserProfileViewController.m */ = {isa = PBXFileReference; fileEncoding = 4; lastKnownFileType = sourcecode.c.objc; path = UserProfileViewController.m; sourceTree = "<group>"; };
		4F67C2931A1AD6CC00990970 /* CommentDetailViewController.h */ = {isa = PBXFileReference; fileEncoding = 4; lastKnownFileType = sourcecode.c.h; path = CommentDetailViewController.h; sourceTree = "<group>"; };
		4F67C2941A1AD6CC00990970 /* CommentDetailViewController.m */ = {isa = PBXFileReference; fileEncoding = 4; lastKnownFileType = sourcecode.c.objc; path = CommentDetailViewController.m; sourceTree = "<group>"; };
		4F67C2961A1AD78D00990970 /* UploadDetailViewController.h */ = {isa = PBXFileReference; fileEncoding = 4; lastKnownFileType = sourcecode.c.h; path = UploadDetailViewController.h; sourceTree = "<group>"; };
		4F67C2971A1AD78D00990970 /* UploadDetailViewController.m */ = {isa = PBXFileReference; fileEncoding = 4; lastKnownFileType = sourcecode.c.objc; path = UploadDetailViewController.m; sourceTree = "<group>"; };
		4F67C2991A1AD7E500990970 /* PhotoDetailViewController.h */ = {isa = PBXFileReference; fileEncoding = 4; lastKnownFileType = sourcecode.c.h; path = PhotoDetailViewController.h; sourceTree = "<group>"; };
		4F67C29A1A1AD7E500990970 /* PhotoDetailViewController.m */ = {isa = PBXFileReference; fileEncoding = 4; lastKnownFileType = sourcecode.c.objc; path = PhotoDetailViewController.m; sourceTree = "<group>"; };
		4F67C29C1A1AD85000990970 /* EditProfileViewController.h */ = {isa = PBXFileReference; fileEncoding = 4; lastKnownFileType = sourcecode.c.h; path = EditProfileViewController.h; sourceTree = "<group>"; };
		4F67C29D1A1AD85000990970 /* EditProfileViewController.m */ = {isa = PBXFileReference; fileEncoding = 4; lastKnownFileType = sourcecode.c.objc; path = EditProfileViewController.m; sourceTree = "<group>"; };
		4F67C29F1A1AD85E00990970 /* FollowersViewController.h */ = {isa = PBXFileReference; fileEncoding = 4; lastKnownFileType = sourcecode.c.h; path = FollowersViewController.h; sourceTree = "<group>"; };
		4F67C2A01A1AD85E00990970 /* FollowersViewController.m */ = {isa = PBXFileReference; fileEncoding = 4; lastKnownFileType = sourcecode.c.objc; path = FollowersViewController.m; sourceTree = "<group>"; };
		4F67C2A21A1ADAEA00990970 /* Bolts.framework */ = {isa = PBXFileReference; lastKnownFileType = wrapper.framework; path = Bolts.framework; sourceTree = "<group>"; };
		4F67C2A31A1ADAEA00990970 /* Parse.framework */ = {isa = PBXFileReference; lastKnownFileType = wrapper.framework; path = Parse.framework; sourceTree = "<group>"; };
		87083FA11A1B7F70006B41D4 /* CoreLocation.framework */ = {isa = PBXFileReference; lastKnownFileType = wrapper.framework; name = CoreLocation.framework; path = System/Library/Frameworks/CoreLocation.framework; sourceTree = SDKROOT; };
		87083FA31A1B7F82006B41D4 /* libz.dylib */ = {isa = PBXFileReference; lastKnownFileType = "compiled.mach-o.dylib"; name = libz.dylib; path = usr/lib/libz.dylib; sourceTree = SDKROOT; };
		87083FA51A1B7F8F006B41D4 /* CFNetwork.framework */ = {isa = PBXFileReference; lastKnownFileType = wrapper.framework; name = CFNetwork.framework; path = System/Library/Frameworks/CFNetwork.framework; sourceTree = SDKROOT; };
		87083FA71A1B7F9D006B41D4 /* MobileCoreServices.framework */ = {isa = PBXFileReference; lastKnownFileType = wrapper.framework; name = MobileCoreServices.framework; path = System/Library/Frameworks/MobileCoreServices.framework; sourceTree = SDKROOT; };
		87083FA91A1B7FB1006B41D4 /* AdSupport.framework */ = {isa = PBXFileReference; lastKnownFileType = wrapper.framework; name = AdSupport.framework; path = System/Library/Frameworks/AdSupport.framework; sourceTree = SDKROOT; };
		87083FAB1A1B7FBF006B41D4 /* Security.framework */ = {isa = PBXFileReference; lastKnownFileType = wrapper.framework; name = Security.framework; path = System/Library/Frameworks/Security.framework; sourceTree = SDKROOT; };
		87083FAD1A1B7FC7006B41D4 /* CoreGraphics.framework */ = {isa = PBXFileReference; lastKnownFileType = wrapper.framework; name = CoreGraphics.framework; path = System/Library/Frameworks/CoreGraphics.framework; sourceTree = SDKROOT; };
		87083FAF1A1B7FCE006B41D4 /* Social.framework */ = {isa = PBXFileReference; lastKnownFileType = wrapper.framework; name = Social.framework; path = System/Library/Frameworks/Social.framework; sourceTree = SDKROOT; };
		87083FB11A1B7FD5006B41D4 /* AudioToolbox.framework */ = {isa = PBXFileReference; lastKnownFileType = wrapper.framework; name = AudioToolbox.framework; path = System/Library/Frameworks/AudioToolbox.framework; sourceTree = SDKROOT; };
		87083FB31A1B7FDB006B41D4 /* QuartzCore.framework */ = {isa = PBXFileReference; lastKnownFileType = wrapper.framework; name = QuartzCore.framework; path = System/Library/Frameworks/QuartzCore.framework; sourceTree = SDKROOT; };
		87083FB51A1B7FE3006B41D4 /* SystemConfiguration.framework */ = {isa = PBXFileReference; lastKnownFileType = wrapper.framework; name = SystemConfiguration.framework; path = System/Library/Frameworks/SystemConfiguration.framework; sourceTree = SDKROOT; };
		87083FB71A1B7FE9006B41D4 /* StoreKit.framework */ = {isa = PBXFileReference; lastKnownFileType = wrapper.framework; name = StoreKit.framework; path = System/Library/Frameworks/StoreKit.framework; sourceTree = SDKROOT; };
		87083FB91A1B7FF1006B41D4 /* Accounts.framework */ = {isa = PBXFileReference; lastKnownFileType = wrapper.framework; name = Accounts.framework; path = System/Library/Frameworks/Accounts.framework; sourceTree = SDKROOT; };
		8767065D1A1B9BB200C1382E /* ParseUI.framework */ = {isa = PBXFileReference; lastKnownFileType = wrapper.framework; path = ParseUI.framework; sourceTree = "<group>"; };
		87B157A91A1AFA1A0090BB78 /* FacebookSDK.framework */ = {isa = PBXFileReference; lastKnownFileType = wrapper.framework; path = FacebookSDK.framework; sourceTree = "<group>"; };
		87B157AB1A1B77E80090BB78 /* ParseFacebookUtils.framework */ = {isa = PBXFileReference; lastKnownFileType = wrapper.framework; path = ParseFacebookUtils.framework; sourceTree = "<group>"; };
/* End PBXFileReference section */

/* Begin PBXFrameworksBuildPhase section */
		4F67C2551A1AD3F100990970 /* Frameworks */ = {
			isa = PBXFrameworksBuildPhase;
			buildActionMask = 2147483647;
			files = (
				8767065E1A1B9BB200C1382E /* ParseUI.framework in Frameworks */,
				87083FBA1A1B7FF1006B41D4 /* Accounts.framework in Frameworks */,
				87083FB81A1B7FE9006B41D4 /* StoreKit.framework in Frameworks */,
				87083FB61A1B7FE3006B41D4 /* SystemConfiguration.framework in Frameworks */,
				87083FB41A1B7FDB006B41D4 /* QuartzCore.framework in Frameworks */,
				87083FB21A1B7FD5006B41D4 /* AudioToolbox.framework in Frameworks */,
				87083FB01A1B7FCE006B41D4 /* Social.framework in Frameworks */,
				87083FAE1A1B7FC7006B41D4 /* CoreGraphics.framework in Frameworks */,
				87083FAC1A1B7FBF006B41D4 /* Security.framework in Frameworks */,
				87083FAA1A1B7FB1006B41D4 /* AdSupport.framework in Frameworks */,
				87083FA81A1B7F9D006B41D4 /* MobileCoreServices.framework in Frameworks */,
				87083FA61A1B7F8F006B41D4 /* CFNetwork.framework in Frameworks */,
				87083FA41A1B7F82006B41D4 /* libz.dylib in Frameworks */,
				87083FA21A1B7F70006B41D4 /* CoreLocation.framework in Frameworks */,
				4F67C2A51A1ADAEA00990970 /* Parse.framework in Frameworks */,
				4F67C2A41A1ADAEA00990970 /* Bolts.framework in Frameworks */,
				87B157AC1A1B77E80090BB78 /* ParseFacebookUtils.framework in Frameworks */,
				87B157AA1A1AFA1A0090BB78 /* FacebookSDK.framework in Frameworks */,
			);
			runOnlyForDeploymentPostprocessing = 0;
		};
		4F67C2711A1AD3F100990970 /* Frameworks */ = {
			isa = PBXFrameworksBuildPhase;
			buildActionMask = 2147483647;
			files = (
			);
			runOnlyForDeploymentPostprocessing = 0;
		};
/* End PBXFrameworksBuildPhase section */

/* Begin PBXGroup section */
		4F67C24F1A1AD3F100990970 = {
			isa = PBXGroup;
			children = (
				4F67C25A1A1AD3F100990970 /* InstagramProject */,
				4F67C2771A1AD3F100990970 /* InstagramProjectTests */,
				4F67C2591A1AD3F100990970 /* Products */,
				4F67C2A61A1ADAF000990970 /* Framework */,
			);
			sourceTree = "<group>";
		};
		4F67C2591A1AD3F100990970 /* Products */ = {
			isa = PBXGroup;
			children = (
				4F67C2581A1AD3F100990970 /* InstagramProject.app */,
				4F67C2741A1AD3F100990970 /* InstagramProjectTests.xctest */,
			);
			name = Products;
			sourceTree = "<group>";
		};
		4F67C25A1A1AD3F100990970 /* InstagramProject */ = {
			isa = PBXGroup;
			children = (
				4F67C25F1A1AD3F100990970 /* AppDelegate.h */,
				4F67C2601A1AD3F100990970 /* AppDelegate.m */,
				4F67C2651A1AD3F100990970 /* RootViewController.h */,
				4F67C2661A1AD3F100990970 /* RootViewController.m */,
				4F67C2841A1AD4EC00990970 /* FavoritePhotosViewController.h */,
				4F67C2851A1AD4EC00990970 /* FavoritePhotosViewController.m */,
				4F67C2871A1AD4FF00990970 /* CameraViewController.h */,
				4F67C2881A1AD4FF00990970 /* CameraViewController.m */,
				4F67C28A1A1AD51100990970 /* SearchViewController.h */,
				4F67C28B1A1AD51100990970 /* SearchViewController.m */,
				4F67C28D1A1AD52100990970 /* ProfileViewController.h */,
				4F67C28E1A1AD52100990970 /* ProfileViewController.m */,
				4F67C2901A1AD67D00990970 /* UserProfileViewController.h */,
				4F67C2911A1AD67D00990970 /* UserProfileViewController.m */,
				4F67C2931A1AD6CC00990970 /* CommentDetailViewController.h */,
				4F67C2941A1AD6CC00990970 /* CommentDetailViewController.m */,
				4F67C2961A1AD78D00990970 /* UploadDetailViewController.h */,
				4F67C2971A1AD78D00990970 /* UploadDetailViewController.m */,
				4F67C2991A1AD7E500990970 /* PhotoDetailViewController.h */,
				4F67C29A1A1AD7E500990970 /* PhotoDetailViewController.m */,
				4F67C29C1A1AD85000990970 /* EditProfileViewController.h */,
				4F67C29D1A1AD85000990970 /* EditProfileViewController.m */,
				4F67C29F1A1AD85E00990970 /* FollowersViewController.h */,
				4F67C2A01A1AD85E00990970 /* FollowersViewController.m */,
				4F67C2681A1AD3F100990970 /* Main.storyboard */,
				4F67C26B1A1AD3F100990970 /* Images.xcassets */,
				4F67C26D1A1AD3F100990970 /* LaunchScreen.xib */,
				4F67C2621A1AD3F100990970 /* InstagramProject.xcdatamodeld */,
				4F67C25B1A1AD3F100990970 /* Supporting Files */,
			);
			path = InstagramProject;
			sourceTree = "<group>";
		};
		4F67C25B1A1AD3F100990970 /* Supporting Files */ = {
			isa = PBXGroup;
			children = (
				4F67C25C1A1AD3F100990970 /* Info.plist */,
				4F67C25D1A1AD3F100990970 /* main.m */,
			);
			name = "Supporting Files";
			sourceTree = "<group>";
		};
		4F67C2771A1AD3F100990970 /* InstagramProjectTests */ = {
			isa = PBXGroup;
			children = (
				4F67C27A1A1AD3F100990970 /* InstagramProjectTests.m */,
				4F67C2781A1AD3F100990970 /* Supporting Files */,
			);
			path = InstagramProjectTests;
			sourceTree = "<group>";
		};
		4F67C2781A1AD3F100990970 /* Supporting Files */ = {
			isa = PBXGroup;
			children = (
				4F67C2791A1AD3F100990970 /* Info.plist */,
			);
			name = "Supporting Files";
			sourceTree = "<group>";
		};
		4F67C2A61A1ADAF000990970 /* Framework */ = {
			isa = PBXGroup;
			children = (
				8767065D1A1B9BB200C1382E /* ParseUI.framework */,
				87083FB91A1B7FF1006B41D4 /* Accounts.framework */,
				87083FB71A1B7FE9006B41D4 /* StoreKit.framework */,
				87083FB51A1B7FE3006B41D4 /* SystemConfiguration.framework */,
				87083FB31A1B7FDB006B41D4 /* QuartzCore.framework */,
				87083FB11A1B7FD5006B41D4 /* AudioToolbox.framework */,
				87083FAF1A1B7FCE006B41D4 /* Social.framework */,
				87083FAD1A1B7FC7006B41D4 /* CoreGraphics.framework */,
				87083FAB1A1B7FBF006B41D4 /* Security.framework */,
				87083FA91A1B7FB1006B41D4 /* AdSupport.framework */,
				87083FA71A1B7F9D006B41D4 /* MobileCoreServices.framework */,
				87083FA51A1B7F8F006B41D4 /* CFNetwork.framework */,
				87083FA31A1B7F82006B41D4 /* libz.dylib */,
				87083FA11A1B7F70006B41D4 /* CoreLocation.framework */,
				87B157AB1A1B77E80090BB78 /* ParseFacebookUtils.framework */,
				87B157A91A1AFA1A0090BB78 /* FacebookSDK.framework */,
				4F67C2A21A1ADAEA00990970 /* Bolts.framework */,
				4F67C2A31A1ADAEA00990970 /* Parse.framework */,
			);
			name = Framework;
			sourceTree = "<group>";
		};
/* End PBXGroup section */

/* Begin PBXNativeTarget section */
		4F67C2571A1AD3F100990970 /* InstagramProject */ = {
			isa = PBXNativeTarget;
			buildConfigurationList = 4F67C27E1A1AD3F100990970 /* Build configuration list for PBXNativeTarget "InstagramProject" */;
			buildPhases = (
				4F67C2541A1AD3F100990970 /* Sources */,
				4F67C2551A1AD3F100990970 /* Frameworks */,
				4F67C2561A1AD3F100990970 /* Resources */,
			);
			buildRules = (
			);
			dependencies = (
			);
			name = InstagramProject;
			productName = InstagramProject;
			productReference = 4F67C2581A1AD3F100990970 /* InstagramProject.app */;
			productType = "com.apple.product-type.application";
		};
		4F67C2731A1AD3F100990970 /* InstagramProjectTests */ = {
			isa = PBXNativeTarget;
			buildConfigurationList = 4F67C2811A1AD3F100990970 /* Build configuration list for PBXNativeTarget "InstagramProjectTests" */;
			buildPhases = (
				4F67C2701A1AD3F100990970 /* Sources */,
				4F67C2711A1AD3F100990970 /* Frameworks */,
				4F67C2721A1AD3F100990970 /* Resources */,
			);
			buildRules = (
			);
			dependencies = (
				4F67C2761A1AD3F100990970 /* PBXTargetDependency */,
			);
			name = InstagramProjectTests;
			productName = InstagramProjectTests;
			productReference = 4F67C2741A1AD3F100990970 /* InstagramProjectTests.xctest */;
			productType = "com.apple.product-type.bundle.unit-test";
		};
/* End PBXNativeTarget section */

/* Begin PBXProject section */
		4F67C2501A1AD3F100990970 /* Project object */ = {
			isa = PBXProject;
			attributes = {
				LastUpgradeCheck = 0600;
				ORGANIZATIONNAME = "Christina Gunarto";
				TargetAttributes = {
					4F67C2571A1AD3F100990970 = {
						CreatedOnToolsVersion = 6.0;
					};
					4F67C2731A1AD3F100990970 = {
						CreatedOnToolsVersion = 6.0;
						TestTargetID = 4F67C2571A1AD3F100990970;
					};
				};
			};
			buildConfigurationList = 4F67C2531A1AD3F100990970 /* Build configuration list for PBXProject "InstagramProject" */;
			compatibilityVersion = "Xcode 3.2";
			developmentRegion = English;
			hasScannedForEncodings = 0;
			knownRegions = (
				en,
				Base,
			);
			mainGroup = 4F67C24F1A1AD3F100990970;
			productRefGroup = 4F67C2591A1AD3F100990970 /* Products */;
			projectDirPath = "";
			projectRoot = "";
			targets = (
				4F67C2571A1AD3F100990970 /* InstagramProject */,
				4F67C2731A1AD3F100990970 /* InstagramProjectTests */,
			);
		};
/* End PBXProject section */

/* Begin PBXResourcesBuildPhase section */
		4F67C2561A1AD3F100990970 /* Resources */ = {
			isa = PBXResourcesBuildPhase;
			buildActionMask = 2147483647;
			files = (
				4F67C26A1A1AD3F100990970 /* Main.storyboard in Resources */,
				4F67C26F1A1AD3F100990970 /* LaunchScreen.xib in Resources */,
				4F67C26C1A1AD3F100990970 /* Images.xcassets in Resources */,
			);
			runOnlyForDeploymentPostprocessing = 0;
		};
		4F67C2721A1AD3F100990970 /* Resources */ = {
			isa = PBXResourcesBuildPhase;
			buildActionMask = 2147483647;
			files = (
			);
			runOnlyForDeploymentPostprocessing = 0;
		};
/* End PBXResourcesBuildPhase section */

/* Begin PBXSourcesBuildPhase section */
		4F67C2541A1AD3F100990970 /* Sources */ = {
			isa = PBXSourcesBuildPhase;
			buildActionMask = 2147483647;
			files = (
				4F67C2A11A1AD85E00990970 /* FollowersViewController.m in Sources */,
				4F67C2921A1AD67D00990970 /* UserProfileViewController.m in Sources */,
				4F67C2951A1AD6CC00990970 /* CommentDetailViewController.m in Sources */,
				4F67C2861A1AD4EC00990970 /* FavoritePhotosViewController.m in Sources */,
				4F67C2611A1AD3F100990970 /* AppDelegate.m in Sources */,
				4F67C28F1A1AD52100990970 /* ProfileViewController.m in Sources */,
				4F67C2641A1AD3F100990970 /* InstagramProject.xcdatamodeld in Sources */,
				4F67C2891A1AD4FF00990970 /* CameraViewController.m in Sources */,
				4F67C2981A1AD78D00990970 /* UploadDetailViewController.m in Sources */,
				4F67C29E1A1AD85000990970 /* EditProfileViewController.m in Sources */,
				4F67C2671A1AD3F100990970 /* RootViewController.m in Sources */,
				4F67C25E1A1AD3F100990970 /* main.m in Sources */,
				4F67C29B1A1AD7E500990970 /* PhotoDetailViewController.m in Sources */,
				4F67C28C1A1AD51100990970 /* SearchViewController.m in Sources */,
			);
			runOnlyForDeploymentPostprocessing = 0;
		};
		4F67C2701A1AD3F100990970 /* Sources */ = {
			isa = PBXSourcesBuildPhase;
			buildActionMask = 2147483647;
			files = (
				4F67C27B1A1AD3F100990970 /* InstagramProjectTests.m in Sources */,
			);
			runOnlyForDeploymentPostprocessing = 0;
		};
/* End PBXSourcesBuildPhase section */

/* Begin PBXTargetDependency section */
		4F67C2761A1AD3F100990970 /* PBXTargetDependency */ = {
			isa = PBXTargetDependency;
			target = 4F67C2571A1AD3F100990970 /* InstagramProject */;
			targetProxy = 4F67C2751A1AD3F100990970 /* PBXContainerItemProxy */;
		};
/* End PBXTargetDependency section */

/* Begin PBXVariantGroup section */
		4F67C2681A1AD3F100990970 /* Main.storyboard */ = {
			isa = PBXVariantGroup;
			children = (
				4F67C2691A1AD3F100990970 /* Base */,
			);
			name = Main.storyboard;
			sourceTree = "<group>";
		};
		4F67C26D1A1AD3F100990970 /* LaunchScreen.xib */ = {
			isa = PBXVariantGroup;
			children = (
				4F67C26E1A1AD3F100990970 /* Base */,
			);
			name = LaunchScreen.xib;
			sourceTree = "<group>";
		};
/* End PBXVariantGroup section */

/* Begin XCBuildConfiguration section */
		4F67C27C1A1AD3F100990970 /* Debug */ = {
			isa = XCBuildConfiguration;
			buildSettings = {
				ALWAYS_SEARCH_USER_PATHS = NO;
				CLANG_CXX_LANGUAGE_STANDARD = "gnu++0x";
				CLANG_CXX_LIBRARY = "libc++";
				CLANG_ENABLE_MODULES = YES;
				CLANG_ENABLE_OBJC_ARC = YES;
				CLANG_WARN_BOOL_CONVERSION = YES;
				CLANG_WARN_CONSTANT_CONVERSION = YES;
				CLANG_WARN_DIRECT_OBJC_ISA_USAGE = YES_ERROR;
				CLANG_WARN_EMPTY_BODY = YES;
				CLANG_WARN_ENUM_CONVERSION = YES;
				CLANG_WARN_INT_CONVERSION = YES;
				CLANG_WARN_OBJC_ROOT_CLASS = YES_ERROR;
				CLANG_WARN_UNREACHABLE_CODE = YES;
				CLANG_WARN__DUPLICATE_METHOD_MATCH = YES;
				"CODE_SIGN_IDENTITY[sdk=iphoneos*]" = "iPhone Developer";
				COPY_PHASE_STRIP = NO;
				ENABLE_STRICT_OBJC_MSGSEND = YES;
				GCC_C_LANGUAGE_STANDARD = gnu99;
				GCC_DYNAMIC_NO_PIC = NO;
				GCC_OPTIMIZATION_LEVEL = 0;
				GCC_PREPROCESSOR_DEFINITIONS = (
					"DEBUG=1",
					"$(inherited)",
				);
				GCC_SYMBOLS_PRIVATE_EXTERN = NO;
				GCC_WARN_64_TO_32_BIT_CONVERSION = YES;
				GCC_WARN_ABOUT_RETURN_TYPE = YES_ERROR;
				GCC_WARN_UNDECLARED_SELECTOR = YES;
				GCC_WARN_UNINITIALIZED_AUTOS = YES_AGGRESSIVE;
				GCC_WARN_UNUSED_FUNCTION = YES;
				GCC_WARN_UNUSED_VARIABLE = YES;
				IPHONEOS_DEPLOYMENT_TARGET = 8.0;
				MTL_ENABLE_DEBUG_INFO = YES;
				ONLY_ACTIVE_ARCH = YES;
				SDKROOT = iphoneos;
			};
			name = Debug;
		};
		4F67C27D1A1AD3F100990970 /* Release */ = {
			isa = XCBuildConfiguration;
			buildSettings = {
				ALWAYS_SEARCH_USER_PATHS = NO;
				CLANG_CXX_LANGUAGE_STANDARD = "gnu++0x";
				CLANG_CXX_LIBRARY = "libc++";
				CLANG_ENABLE_MODULES = YES;
				CLANG_ENABLE_OBJC_ARC = YES;
				CLANG_WARN_BOOL_CONVERSION = YES;
				CLANG_WARN_CONSTANT_CONVERSION = YES;
				CLANG_WARN_DIRECT_OBJC_ISA_USAGE = YES_ERROR;
				CLANG_WARN_EMPTY_BODY = YES;
				CLANG_WARN_ENUM_CONVERSION = YES;
				CLANG_WARN_INT_CONVERSION = YES;
				CLANG_WARN_OBJC_ROOT_CLASS = YES_ERROR;
				CLANG_WARN_UNREACHABLE_CODE = YES;
				CLANG_WARN__DUPLICATE_METHOD_MATCH = YES;
				"CODE_SIGN_IDENTITY[sdk=iphoneos*]" = "iPhone Developer";
				COPY_PHASE_STRIP = YES;
				ENABLE_NS_ASSERTIONS = NO;
				ENABLE_STRICT_OBJC_MSGSEND = YES;
				GCC_C_LANGUAGE_STANDARD = gnu99;
				GCC_WARN_64_TO_32_BIT_CONVERSION = YES;
				GCC_WARN_ABOUT_RETURN_TYPE = YES_ERROR;
				GCC_WARN_UNDECLARED_SELECTOR = YES;
				GCC_WARN_UNINITIALIZED_AUTOS = YES_AGGRESSIVE;
				GCC_WARN_UNUSED_FUNCTION = YES;
				GCC_WARN_UNUSED_VARIABLE = YES;
				IPHONEOS_DEPLOYMENT_TARGET = 8.0;
				MTL_ENABLE_DEBUG_INFO = NO;
				SDKROOT = iphoneos;
				VALIDATE_PRODUCT = YES;
			};
			name = Release;
		};
		4F67C27F1A1AD3F100990970 /* Debug */ = {
			isa = XCBuildConfiguration;
			buildSettings = {
				ASSETCATALOG_COMPILER_APPICON_NAME = AppIcon;
				FRAMEWORK_SEARCH_PATHS = (
					"$(inherited)",
					"$(PROJECT_DIR)",
				);
				INFOPLIST_FILE = InstagramProject/Info.plist;
				LD_RUNPATH_SEARCH_PATHS = "$(inherited) @executable_path/Frameworks";
				LIBRARY_SEARCH_PATHS = (
					"$(inherited)",
					"$(PROJECT_DIR)",
				);
				PRODUCT_NAME = "$(TARGET_NAME)";
			};
			name = Debug;
		};
		4F67C2801A1AD3F100990970 /* Release */ = {
			isa = XCBuildConfiguration;
			buildSettings = {
				ASSETCATALOG_COMPILER_APPICON_NAME = AppIcon;
				FRAMEWORK_SEARCH_PATHS = (
					"$(inherited)",
					"$(PROJECT_DIR)",
				);
				INFOPLIST_FILE = InstagramProject/Info.plist;
				LD_RUNPATH_SEARCH_PATHS = "$(inherited) @executable_path/Frameworks";
				LIBRARY_SEARCH_PATHS = (
					"$(inherited)",
					"$(PROJECT_DIR)",
				);
				PRODUCT_NAME = "$(TARGET_NAME)";
			};
			name = Release;
		};
		4F67C2821A1AD3F100990970 /* Debug */ = {
			isa = XCBuildConfiguration;
			buildSettings = {
				BUNDLE_LOADER = "$(TEST_HOST)";
				FRAMEWORK_SEARCH_PATHS = (
					"$(SDKROOT)/Developer/Library/Frameworks",
					"$(inherited)",
				);
				GCC_PREPROCESSOR_DEFINITIONS = (
					"DEBUG=1",
					"$(inherited)",
				);
				INFOPLIST_FILE = InstagramProjectTests/Info.plist;
				LD_RUNPATH_SEARCH_PATHS = "$(inherited) @executable_path/Frameworks @loader_path/Frameworks";
				PRODUCT_NAME = "$(TARGET_NAME)";
				TEST_HOST = "$(BUILT_PRODUCTS_DIR)/InstagramProject.app/InstagramProject";
			};
			name = Debug;
		};
		4F67C2831A1AD3F100990970 /* Release */ = {
			isa = XCBuildConfiguration;
			buildSettings = {
				BUNDLE_LOADER = "$(TEST_HOST)";
				FRAMEWORK_SEARCH_PATHS = (
					"$(SDKROOT)/Developer/Library/Frameworks",
					"$(inherited)",
				);
				INFOPLIST_FILE = InstagramProjectTests/Info.plist;
				LD_RUNPATH_SEARCH_PATHS = "$(inherited) @executable_path/Frameworks @loader_path/Frameworks";
				PRODUCT_NAME = "$(TARGET_NAME)";
				TEST_HOST = "$(BUILT_PRODUCTS_DIR)/InstagramProject.app/InstagramProject";
			};
			name = Release;
		};
/* End XCBuildConfiguration section */

/* Begin XCConfigurationList section */
		4F67C2531A1AD3F100990970 /* Build configuration list for PBXProject "InstagramProject" */ = {
			isa = XCConfigurationList;
			buildConfigurations = (
				4F67C27C1A1AD3F100990970 /* Debug */,
				4F67C27D1A1AD3F100990970 /* Release */,
			);
			defaultConfigurationIsVisible = 0;
			defaultConfigurationName = Release;
		};
		4F67C27E1A1AD3F100990970 /* Build configuration list for PBXNativeTarget "InstagramProject" */ = {
			isa = XCConfigurationList;
			buildConfigurations = (
				4F67C27F1A1AD3F100990970 /* Debug */,
				4F67C2801A1AD3F100990970 /* Release */,
			);
			defaultConfigurationIsVisible = 0;
			defaultConfigurationName = Release;
		};
		4F67C2811A1AD3F100990970 /* Build configuration list for PBXNativeTarget "InstagramProjectTests" */ = {
			isa = XCConfigurationList;
			buildConfigurations = (
				4F67C2821A1AD3F100990970 /* Debug */,
				4F67C2831A1AD3F100990970 /* Release */,
			);
			defaultConfigurationIsVisible = 0;
			defaultConfigurationName = Release;
		};
/* End XCConfigurationList section */

/* Begin XCVersionGroup section */
		4F67C2621A1AD3F100990970 /* InstagramProject.xcdatamodeld */ = {
			isa = XCVersionGroup;
			children = (
				4F67C2631A1AD3F100990970 /* InstagramProject.xcdatamodel */,
			);
			currentVersion = 4F67C2631A1AD3F100990970 /* InstagramProject.xcdatamodel */;
			path = InstagramProject.xcdatamodeld;
			sourceTree = "<group>";
			versionGroupType = wrapper.xcdatamodel;
		};
/* End XCVersionGroup section */
	};
	rootObject = 4F67C2501A1AD3F100990970 /* Project object */;
}
